// !$*UTF8*$!
{
	archiveVersion = 1;
	classes = {
	};
	objectVersion = 77;
	objects = {

/* Begin PBXContainerItemProxy section */
		2DDABCBA2D925BD20097CC3E /* PBXContainerItemProxy */ = {
			isa = PBXContainerItemProxy;
			containerPortal = 2DDABC9F2D925BCF0097CC3E /* Project object */;
			proxyType = 1;
			remoteGlobalIDString = 2DDABCA62D925BCF0097CC3E;
			remoteInfo = AirDoodle;
		};
		2DDABCC42D925BD20097CC3E /* PBXContainerItemProxy */ = {
			isa = PBXContainerItemProxy;
			containerPortal = 2DDABC9F2D925BCF0097CC3E /* Project object */;
			proxyType = 1;
			remoteGlobalIDString = 2DDABCA62D925BCF0097CC3E;
			remoteInfo = AirDoodle;
		};
/* End PBXContainerItemProxy section */

/* Begin PBXFileReference section */
		2DDABCA72D925BCF0097CC3E /* AirDoodle.app */ = {isa = PBXFileReference; explicitFileType = wrapper.application; includeInIndex = 0; path = AirDoodle.app; sourceTree = BUILT_PRODUCTS_DIR; };
		2DDABCB92D925BD20097CC3E /* AirDoodleTests.xctest */ = {isa = PBXFileReference; explicitFileType = wrapper.cfbundle; includeInIndex = 0; path = AirDoodleTests.xctest; sourceTree = BUILT_PRODUCTS_DIR; };
		2DDABCC32D925BD20097CC3E /* AirDoodleUITests.xctest */ = {isa = PBXFileReference; explicitFileType = wrapper.cfbundle; includeInIndex = 0; path = AirDoodleUITests.xctest; sourceTree = BUILT_PRODUCTS_DIR; };
/* End PBXFileReference section */

/* Begin PBXFileSystemSynchronizedRootGroup section */
		2DDABCA92D925BCF0097CC3E /* AirDoodle */ = {
			isa = PBXFileSystemSynchronizedRootGroup;
			path = AirDoodle;
			sourceTree = "<group>";
		};
		2DDABCBC2D925BD20097CC3E /* AirDoodleTests */ = {
			isa = PBXFileSystemSynchronizedRootGroup;
			path = AirDoodleTests;
			sourceTree = "<group>";
		};
		2DDABCC62D925BD20097CC3E /* AirDoodleUITests */ = {
			isa = PBXFileSystemSynchronizedRootGroup;
			path = AirDoodleUITests;
			sourceTree = "<group>";
		};
/* End PBXFileSystemSynchronizedRootGroup section */

/* Begin PBXFrameworksBuildPhase section */
		2DDABCA42D925BCF0097CC3E /* Frameworks */ = {
			isa = PBXFrameworksBuildPhase;
			buildActionMask = 2147483647;
			files = (
			);
			runOnlyForDeploymentPostprocessing = 0;
		};
		2DDABCB62D925BD20097CC3E /* Frameworks */ = {
			isa = PBXFrameworksBuildPhase;
			buildActionMask = 2147483647;
			files = (
			);
			runOnlyForDeploymentPostprocessing = 0;
		};
		2DDABCC02D925BD20097CC3E /* Frameworks */ = {
			isa = PBXFrameworksBuildPhase;
			buildActionMask = 2147483647;
			files = (
			);
			runOnlyForDeploymentPostprocessing = 0;
		};
/* End PBXFrameworksBuildPhase section */

/* Begin PBXGroup section */
		2DDABC9E2D925BCF0097CC3E = {
			isa = PBXGroup;
			children = (
				2DDABCA92D925BCF0097CC3E /* AirDoodle */,
				2DDABCBC2D925BD20097CC3E /* AirDoodleTests */,
				2DDABCC62D925BD20097CC3E /* AirDoodleUITests */,
				2DDABCA82D925BCF0097CC3E /* Products */,
			);
			sourceTree = "<group>";
		};
		2DDABCA82D925BCF0097CC3E /* Products */ = {
			isa = PBXGroup;
			children = (
				2DDABCA72D925BCF0097CC3E /* AirDoodle.app */,
				2DDABCB92D925BD20097CC3E /* AirDoodleTests.xctest */,
				2DDABCC32D925BD20097CC3E /* AirDoodleUITests.xctest */,
			);
			name = Products;
			sourceTree = "<group>";
		};
/* End PBXGroup section */

/* Begin PBXNativeTarget section */
		2DDABCA62D925BCF0097CC3E /* AirDoodle */ = {
			isa = PBXNativeTarget;
			buildConfigurationList = 2DDABCCD2D925BD20097CC3E /* Build configuration list for PBXNativeTarget "AirDoodle" */;
			buildPhases = (
				2DDABCA32D925BCF0097CC3E /* Sources */,
				2DDABCA42D925BCF0097CC3E /* Frameworks */,
				2DDABCA52D925BCF0097CC3E /* Resources */,
			);
			buildRules = (
			);
			dependencies = (
			);
			fileSystemSynchronizedGroups = (
				2DDABCA92D925BCF0097CC3E /* AirDoodle */,
			);
			name = AirDoodle;
			packageProductDependencies = (
			);
			productName = AirDoodle;
			productReference = 2DDABCA72D925BCF0097CC3E /* AirDoodle.app */;
			productType = "com.apple.product-type.application";
		};
		2DDABCB82D925BD20097CC3E /* AirDoodleTests */ = {
			isa = PBXNativeTarget;
			buildConfigurationList = 2DDABCD02D925BD20097CC3E /* Build configuration list for PBXNativeTarget "AirDoodleTests" */;
			buildPhases = (
				2DDABCB52D925BD20097CC3E /* Sources */,
				2DDABCB62D925BD20097CC3E /* Frameworks */,
				2DDABCB72D925BD20097CC3E /* Resources */,
			);
			buildRules = (
			);
			dependencies = (
				2DDABCBB2D925BD20097CC3E /* PBXTargetDependency */,
			);
			fileSystemSynchronizedGroups = (
				2DDABCBC2D925BD20097CC3E /* AirDoodleTests */,
			);
			name = AirDoodleTests;
			packageProductDependencies = (
			);
			productName = AirDoodleTests;
			productReference = 2DDABCB92D925BD20097CC3E /* AirDoodleTests.xctest */;
			productType = "com.apple.product-type.bundle.unit-test";
		};
		2DDABCC22D925BD20097CC3E /* AirDoodleUITests */ = {
			isa = PBXNativeTarget;
			buildConfigurationList = 2DDABCD32D925BD20097CC3E /* Build configuration list for PBXNativeTarget "AirDoodleUITests" */;
			buildPhases = (
				2DDABCBF2D925BD20097CC3E /* Sources */,
				2DDABCC02D925BD20097CC3E /* Frameworks */,
				2DDABCC12D925BD20097CC3E /* Resources */,
			);
			buildRules = (
			);
			dependencies = (
				2DDABCC52D925BD20097CC3E /* PBXTargetDependency */,
			);
			fileSystemSynchronizedGroups = (
				2DDABCC62D925BD20097CC3E /* AirDoodleUITests */,
			);
			name = AirDoodleUITests;
			packageProductDependencies = (
			);
			productName = AirDoodleUITests;
			productReference = 2DDABCC32D925BD20097CC3E /* AirDoodleUITests.xctest */;
			productType = "com.apple.product-type.bundle.ui-testing";
		};
/* End PBXNativeTarget section */

/* Begin PBXProject section */
		2DDABC9F2D925BCF0097CC3E /* Project object */ = {
			isa = PBXProject;
			attributes = {
				BuildIndependentTargetsInParallel = 1;
				LastSwiftUpdateCheck = 1620;
				LastUpgradeCheck = 1620;
				TargetAttributes = {
					2DDABCA62D925BCF0097CC3E = {
						CreatedOnToolsVersion = 16.2;
					};
					2DDABCB82D925BD20097CC3E = {
						CreatedOnToolsVersion = 16.2;
						TestTargetID = 2DDABCA62D925BCF0097CC3E;
					};
					2DDABCC22D925BD20097CC3E = {
						CreatedOnToolsVersion = 16.2;
						TestTargetID = 2DDABCA62D925BCF0097CC3E;
					};
				};
			};
			buildConfigurationList = 2DDABCA22D925BCF0097CC3E /* Build configuration list for PBXProject "AirDoodle" */;
			developmentRegion = en;
			hasScannedForEncodings = 0;
			knownRegions = (
				en,
				Base,
			);
			mainGroup = 2DDABC9E2D925BCF0097CC3E;
			minimizedProjectReferenceProxies = 1;
			preferredProjectObjectVersion = 77;
			productRefGroup = 2DDABCA82D925BCF0097CC3E /* Products */;
			projectDirPath = "";
			projectRoot = "";
			targets = (
				2DDABCA62D925BCF0097CC3E /* AirDoodle */,
				2DDABCB82D925BD20097CC3E /* AirDoodleTests */,
				2DDABCC22D925BD20097CC3E /* AirDoodleUITests */,
			);
		};
/* End PBXProject section */

/* Begin PBXResourcesBuildPhase section */
		2DDABCA52D925BCF0097CC3E /* Resources */ = {
			isa = PBXResourcesBuildPhase;
			buildActionMask = 2147483647;
			files = (
			);
			runOnlyForDeploymentPostprocessing = 0;
		};
		2DDABCB72D925BD20097CC3E /* Resources */ = {
			isa = PBXResourcesBuildPhase;
			buildActionMask = 2147483647;
			files = (
			);
			runOnlyForDeploymentPostprocessing = 0;
		};
		2DDABCC12D925BD20097CC3E /* Resources */ = {
			isa = PBXResourcesBuildPhase;
			buildActionMask = 2147483647;
			files = (
			);
			runOnlyForDeploymentPostprocessing = 0;
		};
/* End PBXResourcesBuildPhase section */

/* Begin PBXSourcesBuildPhase section */
		2DDABCA32D925BCF0097CC3E /* Sources */ = {
			isa = PBXSourcesBuildPhase;
			buildActionMask = 2147483647;
			files = (
			);
			runOnlyForDeploymentPostprocessing = 0;
		};
		2DDABCB52D925BD20097CC3E /* Sources */ = {
			isa = PBXSourcesBuildPhase;
			buildActionMask = 2147483647;
			files = (
			);
			runOnlyForDeploymentPostprocessing = 0;
		};
		2DDABCBF2D925BD20097CC3E /* Sources */ = {
			isa = PBXSourcesBuildPhase;
			buildActionMask = 2147483647;
			files = (
			);
			runOnlyForDeploymentPostprocessing = 0;
		};
/* End PBXSourcesBuildPhase section */

/* Begin PBXTargetDependency section */
		2DDABCBB2D925BD20097CC3E /* PBXTargetDependency */ = {
			isa = PBXTargetDependency;
			target = 2DDABCA62D925BCF0097CC3E /* AirDoodle */;
			targetProxy = 2DDABCBA2D925BD20097CC3E /* PBXContainerItemProxy */;
		};
		2DDABCC52D925BD20097CC3E /* PBXTargetDependency */ = {
			isa = PBXTargetDependency;
			target = 2DDABCA62D925BCF0097CC3E /* AirDoodle */;
			targetProxy = 2DDABCC42D925BD20097CC3E /* PBXContainerItemProxy */;
		};
/* End PBXTargetDependency section */

/* Begin XCBuildConfiguration section */
		2DDABCCB2D925BD20097CC3E /* Debug */ = {
			isa = XCBuildConfiguration;
			buildSettings = {
				ALWAYS_SEARCH_USER_PATHS = NO;
				ASSETCATALOG_COMPILER_GENERATE_SWIFT_ASSET_SYMBOL_EXTENSIONS = YES;
				CLANG_ANALYZER_NONNULL = YES;
				CLANG_ANALYZER_NUMBER_OBJECT_CONVERSION = YES_AGGRESSIVE;
				CLANG_CXX_LANGUAGE_STANDARD = "gnu++20";
				CLANG_ENABLE_MODULES = YES;
				CLANG_ENABLE_OBJC_ARC = YES;
				CLANG_ENABLE_OBJC_WEAK = YES;
				CLANG_WARN_BLOCK_CAPTURE_AUTORELEASING = YES;
				CLANG_WARN_BOOL_CONVERSION = YES;
				CLANG_WARN_COMMA = YES;
				CLANG_WARN_CONSTANT_CONVERSION = YES;
				CLANG_WARN_DEPRECATED_OBJC_IMPLEMENTATIONS = YES;
				CLANG_WARN_DIRECT_OBJC_ISA_USAGE = YES_ERROR;
				CLANG_WARN_DOCUMENTATION_COMMENTS = YES;
				CLANG_WARN_EMPTY_BODY = YES;
				CLANG_WARN_ENUM_CONVERSION = YES;
				CLANG_WARN_INFINITE_RECURSION = YES;
				CLANG_WARN_INT_CONVERSION = YES;
				CLANG_WARN_NON_LITERAL_NULL_CONVERSION = YES;
				CLANG_WARN_OBJC_IMPLICIT_RETAIN_SELF = YES;
				CLANG_WARN_OBJC_LITERAL_CONVERSION = YES;
				CLANG_WARN_OBJC_ROOT_CLASS = YES_ERROR;
				CLANG_WARN_QUOTED_INCLUDE_IN_FRAMEWORK_HEADER = YES;
				CLANG_WARN_RANGE_LOOP_ANALYSIS = YES;
				CLANG_WARN_STRICT_PROTOTYPES = YES;
				CLANG_WARN_SUSPICIOUS_MOVE = YES;
				CLANG_WARN_UNGUARDED_AVAILABILITY = YES_AGGRESSIVE;
				CLANG_WARN_UNREACHABLE_CODE = YES;
				CLANG_WARN__DUPLICATE_METHOD_MATCH = YES;
				COPY_PHASE_STRIP = NO;
				DEBUG_INFORMATION_FORMAT = dwarf;
				ENABLE_STRICT_OBJC_MSGSEND = YES;
				ENABLE_TESTABILITY = YES;
				ENABLE_USER_SCRIPT_SANDBOXING = YES;
				GCC_C_LANGUAGE_STANDARD = gnu17;
				GCC_DYNAMIC_NO_PIC = NO;
				GCC_NO_COMMON_BLOCKS = YES;
				GCC_OPTIMIZATION_LEVEL = 0;
				GCC_PREPROCESSOR_DEFINITIONS = (
					"DEBUG=1",
					"$(inherited)",
				);
				GCC_WARN_64_TO_32_BIT_CONVERSION = YES;
				GCC_WARN_ABOUT_RETURN_TYPE = YES_ERROR;
				GCC_WARN_UNDECLARED_SELECTOR = YES;
				GCC_WARN_UNINITIALIZED_AUTOS = YES_AGGRESSIVE;
				GCC_WARN_UNUSED_FUNCTION = YES;
				GCC_WARN_UNUSED_VARIABLE = YES;
				IPHONEOS_DEPLOYMENT_TARGET = 18.2;
				LOCALIZATION_PREFERS_STRING_CATALOGS = YES;
				MTL_ENABLE_DEBUG_INFO = INCLUDE_SOURCE;
				MTL_FAST_MATH = YES;
				ONLY_ACTIVE_ARCH = YES;
				SDKROOT = iphoneos;
				SWIFT_ACTIVE_COMPILATION_CONDITIONS = "DEBUG $(inherited)";
				SWIFT_OPTIMIZATION_LEVEL = "-Onone";
			};
			name = Debug;
		};
		2DDABCCC2D925BD20097CC3E /* Release */ = {
			isa = XCBuildConfiguration;
			buildSettings = {
				ALWAYS_SEARCH_USER_PATHS = NO;
				ASSETCATALOG_COMPILER_GENERATE_SWIFT_ASSET_SYMBOL_EXTENSIONS = YES;
				CLANG_ANALYZER_NONNULL = YES;
				CLANG_ANALYZER_NUMBER_OBJECT_CONVERSION = YES_AGGRESSIVE;
				CLANG_CXX_LANGUAGE_STANDARD = "gnu++20";
				CLANG_ENABLE_MODULES = YES;
				CLANG_ENABLE_OBJC_ARC = YES;
				CLANG_ENABLE_OBJC_WEAK = YES;
				CLANG_WARN_BLOCK_CAPTURE_AUTORELEASING = YES;
				CLANG_WARN_BOOL_CONVERSION = YES;
				CLANG_WARN_COMMA = YES;
				CLANG_WARN_CONSTANT_CONVERSION = YES;
				CLANG_WARN_DEPRECATED_OBJC_IMPLEMENTATIONS = YES;
				CLANG_WARN_DIRECT_OBJC_ISA_USAGE = YES_ERROR;
				CLANG_WARN_DOCUMENTATION_COMMENTS = YES;
				CLANG_WARN_EMPTY_BODY = YES;
				CLANG_WARN_ENUM_CONVERSION = YES;
				CLANG_WARN_INFINITE_RECURSION = YES;
				CLANG_WARN_INT_CONVERSION = YES;
				CLANG_WARN_NON_LITERAL_NULL_CONVERSION = YES;
				CLANG_WARN_OBJC_IMPLICIT_RETAIN_SELF = YES;
				CLANG_WARN_OBJC_LITERAL_CONVERSION = YES;
				CLANG_WARN_OBJC_ROOT_CLASS = YES_ERROR;
				CLANG_WARN_QUOTED_INCLUDE_IN_FRAMEWORK_HEADER = YES;
				CLANG_WARN_RANGE_LOOP_ANALYSIS = YES;
				CLANG_WARN_STRICT_PROTOTYPES = YES;
				CLANG_WARN_SUSPICIOUS_MOVE = YES;
				CLANG_WARN_UNGUARDED_AVAILABILITY = YES_AGGRESSIVE;
				CLANG_WARN_UNREACHABLE_CODE = YES;
				CLANG_WARN__DUPLICATE_METHOD_MATCH = YES;
				COPY_PHASE_STRIP = NO;
				DEBUG_INFORMATION_FORMAT = "dwarf-with-dsym";
				ENABLE_NS_ASSERTIONS = NO;
				ENABLE_STRICT_OBJC_MSGSEND = YES;
				ENABLE_USER_SCRIPT_SANDBOXING = YES;
				GCC_C_LANGUAGE_STANDARD = gnu17;
				GCC_NO_COMMON_BLOCKS = YES;
				GCC_WARN_64_TO_32_BIT_CONVERSION = YES;
				GCC_WARN_ABOUT_RETURN_TYPE = YES_ERROR;
				GCC_WARN_UNDECLARED_SELECTOR = YES;
				GCC_WARN_UNINITIALIZED_AUTOS = YES_AGGRESSIVE;
				GCC_WARN_UNUSED_FUNCTION = YES;
				GCC_WARN_UNUSED_VARIABLE = YES;
				IPHONEOS_DEPLOYMENT_TARGET = 18.2;
				LOCALIZATION_PREFERS_STRING_CATALOGS = YES;
				MTL_ENABLE_DEBUG_INFO = NO;
				MTL_FAST_MATH = YES;
				SDKROOT = iphoneos;
				SWIFT_COMPILATION_MODE = wholemodule;
				VALIDATE_PRODUCT = YES;
			};
			name = Release;
		};
		2DDABCCE2D925BD20097CC3E /* Debug */ = {
			isa = XCBuildConfiguration;
			buildSettings = {
				ASSETCATALOG_COMPILER_APPICON_NAME = AppIcon;
				ASSETCATALOG_COMPILER_GLOBAL_ACCENT_COLOR_NAME = AccentColor;
				CODE_SIGN_STYLE = Automatic;
				CURRENT_PROJECT_VERSION = 1;
				DEVELOPMENT_TEAM = 4VAQ6PKXRG;
				GENERATE_INFOPLIST_FILE = YES;
				INFOPLIST_KEY_NSCameraUsageDescription = Pleaseeeee;
				INFOPLIST_KEY_NSFileProviderDomainUsageDescription = "";
				INFOPLIST_KEY_NSPhotoLibraryUsageDescription = PLEASE;
				INFOPLIST_KEY_UIApplicationSupportsIndirectInputEvents = YES;
				INFOPLIST_KEY_UIMainStoryboardFile = Main;
				INFOPLIST_KEY_UIRequiredDeviceCapabilities = arkit;
				INFOPLIST_KEY_UIStatusBarHidden = YES;
				INFOPLIST_KEY_UISupportedInterfaceOrientations_iPad = "UIInterfaceOrientationPortrait UIInterfaceOrientationPortraitUpsideDown UIInterfaceOrientationLandscapeLeft UIInterfaceOrientationLandscapeRight";
				INFOPLIST_KEY_UISupportedInterfaceOrientations_iPhone = "UIInterfaceOrientationPortrait UIInterfaceOrientationLandscapeLeft UIInterfaceOrientationLandscapeRight";
				LD_RUNPATH_SEARCH_PATHS = (
					"$(inherited)",
					"@executable_path/Frameworks",
				);
				MARKETING_VERSION = 1.0;
				PRODUCT_BUNDLE_IDENTIFIER = com.HakkinDavid.AirDoodle;
				PRODUCT_NAME = "$(TARGET_NAME)";
				SWIFT_EMIT_LOC_STRINGS = YES;
				SWIFT_VERSION = 5.0;
				TARGETED_DEVICE_FAMILY = "1,2";
			};
			name = Debug;
		};
		2DDABCCF2D925BD20097CC3E /* Release */ = {
			isa = XCBuildConfiguration;
			buildSettings = {
				ASSETCATALOG_COMPILER_APPICON_NAME = AppIcon;
				ASSETCATALOG_COMPILER_GLOBAL_ACCENT_COLOR_NAME = AccentColor;
				CODE_SIGN_STYLE = Automatic;
				CURRENT_PROJECT_VERSION = 1;
				DEVELOPMENT_TEAM = 4VAQ6PKXRG;
				GENERATE_INFOPLIST_FILE = YES;
				INFOPLIST_KEY_NSCameraUsageDescription = Pleaseeeee;
				INFOPLIST_KEY_NSFileProviderDomainUsageDescription = "";
				INFOPLIST_KEY_NSPhotoLibraryUsageDescription = PLEASE;
				INFOPLIST_KEY_UIApplicationSupportsIndirectInputEvents = YES;
				INFOPLIST_KEY_UIMainStoryboardFile = Main;
				INFOPLIST_KEY_UIRequiredDeviceCapabilities = arkit;
				INFOPLIST_KEY_UIStatusBarHidden = YES;
				INFOPLIST_KEY_UISupportedInterfaceOrientations_iPad = "UIInterfaceOrientationPortrait UIInterfaceOrientationPortraitUpsideDown UIInterfaceOrientationLandscapeLeft UIInterfaceOrientationLandscapeRight";
				INFOPLIST_KEY_UISupportedInterfaceOrientations_iPhone = "UIInterfaceOrientationPortrait UIInterfaceOrientationLandscapeLeft UIInterfaceOrientationLandscapeRight";
				LD_RUNPATH_SEARCH_PATHS = (
					"$(inherited)",
					"@executable_path/Frameworks",
				);
				MARKETING_VERSION = 1.0;
				PRODUCT_BUNDLE_IDENTIFIER = com.HakkinDavid.AirDoodle;
				PRODUCT_NAME = "$(TARGET_NAME)";
				SWIFT_EMIT_LOC_STRINGS = YES;
				SWIFT_VERSION = 5.0;
				TARGETED_DEVICE_FAMILY = "1,2";
			};
			name = Release;
		};
		2DDABCD12D925BD20097CC3E /* Debug */ = {
			isa = XCBuildConfiguration;
			buildSettings = {
				BUNDLE_LOADER = "$(TEST_HOST)";
				CODE_SIGN_STYLE = Automatic;
				CURRENT_PROJECT_VERSION = 1;
				GENERATE_INFOPLIST_FILE = YES;
				IPHONEOS_DEPLOYMENT_TARGET = 18.2;
				MARKETING_VERSION = 1.0;
				PRODUCT_BUNDLE_IDENTIFIER = com.HakkinDavid.AirDoodleTests;
				PRODUCT_NAME = "$(TARGET_NAME)";
				SWIFT_EMIT_LOC_STRINGS = NO;
				SWIFT_VERSION = 5.0;
				TARGETED_DEVICE_FAMILY = "1,2";
				TEST_HOST = "$(BUILT_PRODUCTS_DIR)/AirDoodle.app/$(BUNDLE_EXECUTABLE_FOLDER_PATH)/AirDoodle";
			};
			name = Debug;
		};
		2DDABCD22D925BD20097CC3E /* Release */ = {
			isa = XCBuildConfiguration;
			buildSettings = {
				BUNDLE_LOADER = "$(TEST_HOST)";
				CODE_SIGN_STYLE = Automatic;
				CURRENT_PROJECT_VERSION = 1;
				GENERATE_INFOPLIST_FILE = YES;
				IPHONEOS_DEPLOYMENT_TARGET = 18.2;
				MARKETING_VERSION = 1.0;
				PRODUCT_BUNDLE_IDENTIFIER = com.HakkinDavid.AirDoodleTests;
				PRODUCT_NAME = "$(TARGET_NAME)";
				SWIFT_EMIT_LOC_STRINGS = NO;
				SWIFT_VERSION = 5.0;
				TARGETED_DEVICE_FAMILY = "1,2";
				TEST_HOST = "$(BUILT_PRODUCTS_DIR)/AirDoodle.app/$(BUNDLE_EXECUTABLE_FOLDER_PATH)/AirDoodle";
			};
			name = Release;
		};
		2DDABCD42D925BD20097CC3E /* Debug */ = {
			isa = XCBuildConfiguration;
			buildSettings = {
				CODE_SIGN_STYLE = Automatic;
				CURRENT_PROJECT_VERSION = 1;
				GENERATE_INFOPLIST_FILE = YES;
				MARKETING_VERSION = 1.0;
				PRODUCT_BUNDLE_IDENTIFIER = com.HakkinDavid.AirDoodleUITests;
				PRODUCT_NAME = "$(TARGET_NAME)";
				SWIFT_EMIT_LOC_STRINGS = NO;
				SWIFT_VERSION = 5.0;
				TARGETED_DEVICE_FAMILY = "1,2";
				TEST_TARGET_NAME = AirDoodle;
			};
			name = Debug;
		};
		2DDABCD52D925BD20097CC3E /* Release */ = {
			isa = XCBuildConfiguration;
			buildSettings = {
				CODE_SIGN_STYLE = Automatic;
				CURRENT_PROJECT_VERSION = 1;
				GENERATE_INFOPLIST_FILE = YES;
				MARKETING_VERSION = 1.0;
				PRODUCT_BUNDLE_IDENTIFIER = com.HakkinDavid.AirDoodleUITests;
				PRODUCT_NAME = "$(TARGET_NAME)";
				SWIFT_EMIT_LOC_STRINGS = NO;
				SWIFT_VERSION = 5.0;
				TARGETED_DEVICE_FAMILY = "1,2";
				TEST_TARGET_NAME = AirDoodle;
			};
			name = Release;
		};
/* End XCBuildConfiguration section */

/* Begin XCConfigurationList section */
		2DDABCA22D925BCF0097CC3E /* Build configuration list for PBXProject "AirDoodle" */ = {
			isa = XCConfigurationList;
			buildConfigurations = (
				2DDABCCB2D925BD20097CC3E /* Debug */,
				2DDABCCC2D925BD20097CC3E /* Release */,
			);
			defaultConfigurationIsVisible = 0;
			defaultConfigurationName = Release;
		};
		2DDABCCD2D925BD20097CC3E /* Build configuration list for PBXNativeTarget "AirDoodle" */ = {
			isa = XCConfigurationList;
			buildConfigurations = (
				2DDABCCE2D925BD20097CC3E /* Debug */,
				2DDABCCF2D925BD20097CC3E /* Release */,
			);
			defaultConfigurationIsVisible = 0;
			defaultConfigurationName = Release;
		};
		2DDABCD02D925BD20097CC3E /* Build configuration list for PBXNativeTarget "AirDoodleTests" */ = {
			isa = XCConfigurationList;
			buildConfigurations = (
				2DDABCD12D925BD20097CC3E /* Debug */,
				2DDABCD22D925BD20097CC3E /* Release */,
			);
			defaultConfigurationIsVisible = 0;
			defaultConfigurationName = Release;
		};
		2DDABCD32D925BD20097CC3E /* Build configuration list for PBXNativeTarget "AirDoodleUITests" */ = {
			isa = XCConfigurationList;
			buildConfigurations = (
				2DDABCD42D925BD20097CC3E /* Debug */,
				2DDABCD52D925BD20097CC3E /* Release */,
			);
			defaultConfigurationIsVisible = 0;
			defaultConfigurationName = Release;
		};
/* End XCConfigurationList section */
	};
	rootObject = 2DDABC9F2D925BCF0097CC3E /* Project object */;
}
